
Microsoft Visual Studio Solution File, Format Version 12.00
# Visual Studio Version 17
VisualStudioVersion = 17.4.33205.214
MinimumVisualStudioVersion = 10.0.40219.1
Project("{FAE04EC0-301F-11D3-BF4B-00C04F79EFBC}") = "PrackticaSHEV", "PrackticaSHEV\PrackticaSHEV.csproj", "{BB837A8C-E5CE-4168-A33B-E03F61242AFC}"
EndProject
Global
	GlobalSection(SolutionConfigurationPlatforms) = preSolution
		Debug|Any CPU = Debug|Any CPU
		Release|Any CPU = Release|Any CPU
	EndGlobalSection
	GlobalSection(ProjectConfigurationPlatforms) = postSolution
		{BB837A8C-E5CE-4168-A33B-E03F61242AFC}.Debug|Any CPU.ActiveCfg = Debug|Any CPU
		{BB837A8C-E5CE-4168-A33B-E03F61242AFC}.Debug|Any CPU.Build.0 = Debug|Any CPU
		{BB837A8C-E5CE-4168-A33B-E03F61242AFC}.Release|Any CPU.ActiveCfg = Release|Any CPU
		{BB837A8C-E5CE-4168-A33B-E03F61242AFC}.Release|Any CPU.Build.0 = Release|Any CPU
	EndGlobalSection
	GlobalSection(SolutionProperties) = preSolution
		HideSolutionNode = FALSE
	EndGlobalSection
	GlobalSection(ExtensibilityGlobals) = postSolution
		SolutionGuid = {20D2E155-E732-446E-A947-C112FBB78BCF}
	EndGlobalSection
EndGlobal
